
Microsoft Visual Studio Solution File, Format Version 12.00
# Visual Studio Version 16
VisualStudioVersion = 16.0.28803.202
MinimumVisualStudioVersion = 10.0.40219.1
Project("{FAE04EC0-301F-11D3-BF4B-00C04F79EFBC}") = "CustomDemoUsingClosedXML", "CustomDemoUsingClosedXML\CustomDemoUsingClosedXML.csproj", "{634B9FE4-9A9F-473D-BE7C-00C401F698FE}"
EndProject
Global
	GlobalSection(SolutionConfigurationPlatforms) = preSolution
		Debug|Any CPU = Debug|Any CPU
		Release|Any CPU = Release|Any CPU
	EndGlobalSection
	GlobalSection(ProjectConfigurationPlatforms) = postSolution
		{634B9FE4-9A9F-473D-BE7C-00C401F698FE}.Debug|Any CPU.ActiveCfg = Debug|Any CPU
		{634B9FE4-9A9F-473D-BE7C-00C401F698FE}.Debug|Any CPU.Build.0 = Debug|Any CPU
		{634B9FE4-9A9F-473D-BE7C-00C401F698FE}.Release|Any CPU.ActiveCfg = Release|Any CPU
		{634B9FE4-9A9F-473D-BE7C-00C401F698FE}.Release|Any CPU.Build.0 = Release|Any CPU
	EndGlobalSection
	GlobalSection(SolutionProperties) = preSolution
		HideSolutionNode = FALSE
	EndGlobalSection
	GlobalSection(ExtensibilityGlobals) = postSolution
		SolutionGuid = {356ED793-B214-40CF-A400-6FF3FE3F821C}
	EndGlobalSection
EndGlobal
